// !$*UTF8*$!
{
	archiveVersion = 1;
	classes = {
	};
	objectVersion = 56;
	objects = {

/* Begin PBXBuildFile section */
		3452ADE82C7497B40013DD94 /* ThemePreferenceView.swift in Sources */ = {isa = PBXBuildFile; fileRef = 3452ADE72C7497B40013DD94 /* ThemePreferenceView.swift */; };
		3481146A2C69D468000C9860 /* Project5App.swift in Sources */ = {isa = PBXBuildFile; fileRef = 348114692C69D468000C9860 /* Project5App.swift */; };
		3481146C2C69D468000C9860 /* ContentView.swift in Sources */ = {isa = PBXBuildFile; fileRef = 3481146B2C69D468000C9860 /* ContentView.swift */; };
		3481146E2C69D469000C9860 /* Assets.xcassets in Resources */ = {isa = PBXBuildFile; fileRef = 3481146D2C69D469000C9860 /* Assets.xcassets */; };
		348114712C69D469000C9860 /* Preview Assets.xcassets in Resources */ = {isa = PBXBuildFile; fileRef = 348114702C69D469000C9860 /* Preview Assets.xcassets */; };
		3481147B2C69D46A000C9860 /* Project5Tests.swift in Sources */ = {isa = PBXBuildFile; fileRef = 3481147A2C69D46A000C9860 /* Project5Tests.swift */; };
		348114852C69D46A000C9860 /* Project5UITests.swift in Sources */ = {isa = PBXBuildFile; fileRef = 348114842C69D46A000C9860 /* Project5UITests.swift */; };
		348114872C69D46A000C9860 /* Project5UITestsLaunchTests.swift in Sources */ = {isa = PBXBuildFile; fileRef = 348114862C69D46A000C9860 /* Project5UITestsLaunchTests.swift */; };
		348114952C6A0AE4000C9860 /* AppDelegate.swift in Sources */ = {isa = PBXBuildFile; fileRef = 348114942C6A0AE4000C9860 /* AppDelegate.swift */; };
		348114972C6A132B000C9860 /* ModificationsVC.swift in Sources */ = {isa = PBXBuildFile; fileRef = 348114962C6A132B000C9860 /* ModificationsVC.swift */; };
/* End PBXBuildFile section */

/* Begin PBXContainerItemProxy section */
		348114772C69D46A000C9860 /* PBXContainerItemProxy */ = {
			isa = PBXContainerItemProxy;
			containerPortal = 3481145E2C69D468000C9860 /* Project object */;
			proxyType = 1;
			remoteGlobalIDString = 348114652C69D468000C9860;
			remoteInfo = Project5;
		};
		348114812C69D46A000C9860 /* PBXContainerItemProxy */ = {
			isa = PBXContainerItemProxy;
			containerPortal = 3481145E2C69D468000C9860 /* Project object */;
			proxyType = 1;
			remoteGlobalIDString = 348114652C69D468000C9860;
			remoteInfo = Project5;
		};
/* End PBXContainerItemProxy section */

/* Begin PBXFileReference section */
		3452ADE72C7497B40013DD94 /* ThemePreferenceView.swift */ = {isa = PBXFileReference; lastKnownFileType = sourcecode.swift; path = ThemePreferenceView.swift; sourceTree = "<group>"; };
		348114662C69D468000C9860 /* Project5.app */ = {isa = PBXFileReference; explicitFileType = wrapper.application; includeInIndex = 0; path = Project5.app; sourceTree = BUILT_PRODUCTS_DIR; };
		348114692C69D468000C9860 /* Project5App.swift */ = {isa = PBXFileReference; lastKnownFileType = sourcecode.swift; path = Project5App.swift; sourceTree = "<group>"; };
		3481146B2C69D468000C9860 /* ContentView.swift */ = {isa = PBXFileReference; lastKnownFileType = sourcecode.swift; path = ContentView.swift; sourceTree = "<group>"; };
		3481146D2C69D469000C9860 /* Assets.xcassets */ = {isa = PBXFileReference; lastKnownFileType = folder.assetcatalog; name = Assets.xcassets; path = Project5/Assets.xcassets; sourceTree = SOURCE_ROOT; };
		348114702C69D469000C9860 /* Preview Assets.xcassets */ = {isa = PBXFileReference; lastKnownFileType = folder.assetcatalog; path = "Preview Assets.xcassets"; sourceTree = "<group>"; };
		348114762C69D46A000C9860 /* Project5Tests.xctest */ = {isa = PBXFileReference; explicitFileType = wrapper.cfbundle; includeInIndex = 0; path = Project5Tests.xctest; sourceTree = BUILT_PRODUCTS_DIR; };
		3481147A2C69D46A000C9860 /* Project5Tests.swift */ = {isa = PBXFileReference; lastKnownFileType = sourcecode.swift; path = Project5Tests.swift; sourceTree = "<group>"; };
		348114802C69D46A000C9860 /* Project5UITests.xctest */ = {isa = PBXFileReference; explicitFileType = wrapper.cfbundle; includeInIndex = 0; path = Project5UITests.xctest; sourceTree = BUILT_PRODUCTS_DIR; };
		348114842C69D46A000C9860 /* Project5UITests.swift */ = {isa = PBXFileReference; lastKnownFileType = sourcecode.swift; path = Project5UITests.swift; sourceTree = "<group>"; };
		348114862C69D46A000C9860 /* Project5UITestsLaunchTests.swift */ = {isa = PBXFileReference; lastKnownFileType = sourcecode.swift; path = Project5UITestsLaunchTests.swift; sourceTree = "<group>"; };
		348114932C69DA2A000C9860 /* Info.plist */ = {isa = PBXFileReference; lastKnownFileType = text.plist; path = Info.plist; sourceTree = "<group>"; };
		348114942C6A0AE4000C9860 /* AppDelegate.swift */ = {isa = PBXFileReference; lastKnownFileType = sourcecode.swift; path = AppDelegate.swift; sourceTree = "<group>"; };
		348114962C6A132B000C9860 /* ModificationsVC.swift */ = {isa = PBXFileReference; lastKnownFileType = sourcecode.swift; path = ModificationsVC.swift; sourceTree = "<group>"; };
/* End PBXFileReference section */

/* Begin PBXFrameworksBuildPhase section */
		348114632C69D468000C9860 /* Frameworks */ = {
			isa = PBXFrameworksBuildPhase;
			buildActionMask = 2147483647;
			files = (
			);
			runOnlyForDeploymentPostprocessing = 0;
		};
		348114732C69D46A000C9860 /* Frameworks */ = {
			isa = PBXFrameworksBuildPhase;
			buildActionMask = 2147483647;
			files = (
			);
			runOnlyForDeploymentPostprocessing = 0;
		};
		3481147D2C69D46A000C9860 /* Frameworks */ = {
			isa = PBXFrameworksBuildPhase;
			buildActionMask = 2147483647;
			files = (
			);
			runOnlyForDeploymentPostprocessing = 0;
		};
/* End PBXFrameworksBuildPhase section */

/* Begin PBXGroup section */
		3481145D2C69D467000C9860 = {
			isa = PBXGroup;
			children = (
				348114682C69D468000C9860 /* Project5 */,
				348114792C69D46A000C9860 /* Project5Tests */,
				348114832C69D46A000C9860 /* Project5UITests */,
				348114672C69D468000C9860 /* Products */,
			);
			sourceTree = "<group>";
		};
		348114672C69D468000C9860 /* Products */ = {
			isa = PBXGroup;
			children = (
				348114662C69D468000C9860 /* Project5.app */,
				348114762C69D46A000C9860 /* Project5Tests.xctest */,
				348114802C69D46A000C9860 /* Project5UITests.xctest */,
			);
			name = Products;
			sourceTree = "<group>";
		};
		348114682C69D468000C9860 /* Project5 */ = {
			isa = PBXGroup;
			children = (
				348114942C6A0AE4000C9860 /* AppDelegate.swift */,
				348114692C69D468000C9860 /* Project5App.swift */,
				348114962C6A132B000C9860 /* ModificationsVC.swift */,
				3452ADE72C7497B40013DD94 /* ThemePreferenceView.swift */,
				3481146B2C69D468000C9860 /* ContentView.swift */,
				3481146D2C69D469000C9860 /* Assets.xcassets */,
				348114932C69DA2A000C9860 /* Info.plist */,
				3481146F2C69D469000C9860 /* Preview Content */,
			);
			path = Project5;
			sourceTree = "<group>";
		};
		3481146F2C69D469000C9860 /* Preview Content */ = {
			isa = PBXGroup;
			children = (
				348114702C69D469000C9860 /* Preview Assets.xcassets */,
			);
			path = "Preview Content";
			sourceTree = "<group>";
		};
		348114792C69D46A000C9860 /* Project5Tests */ = {
			isa = PBXGroup;
			children = (
				3481147A2C69D46A000C9860 /* Project5Tests.swift */,
			);
			path = Project5Tests;
			sourceTree = "<group>";
		};
		348114832C69D46A000C9860 /* Project5UITests */ = {
			isa = PBXGroup;
			children = (
				348114842C69D46A000C9860 /* Project5UITests.swift */,
				348114862C69D46A000C9860 /* Project5UITestsLaunchTests.swift */,
			);
			path = Project5UITests;
			sourceTree = "<group>";
		};
/* End PBXGroup section */

/* Begin PBXNativeTarget section */
		348114652C69D468000C9860 /* Project5 */ = {
			isa = PBXNativeTarget;
			buildConfigurationList = 3481148A2C69D46A000C9860 /* Build configuration list for PBXNativeTarget "Project5" */;
			buildPhases = (
				348114622C69D468000C9860 /* Sources */,
				348114632C69D468000C9860 /* Frameworks */,
				348114642C69D468000C9860 /* Resources */,
			);
			buildRules = (
			);
			dependencies = (
			);
			name = Project5;
			productName = Project5;
			productReference = 348114662C69D468000C9860 /* Project5.app */;
			productType = "com.apple.product-type.application";
		};
		348114752C69D46A000C9860 /* Project5Tests */ = {
			isa = PBXNativeTarget;
			buildConfigurationList = 3481148D2C69D46A000C9860 /* Build configuration list for PBXNativeTarget "Project5Tests" */;
			buildPhases = (
				348114722C69D46A000C9860 /* Sources */,
				348114732C69D46A000C9860 /* Frameworks */,
				348114742C69D46A000C9860 /* Resources */,
			);
			buildRules = (
			);
			dependencies = (
				348114782C69D46A000C9860 /* PBXTargetDependency */,
			);
			name = Project5Tests;
			productName = Project5Tests;
			productReference = 348114762C69D46A000C9860 /* Project5Tests.xctest */;
			productType = "com.apple.product-type.bundle.unit-test";
		};
		3481147F2C69D46A000C9860 /* Project5UITests */ = {
			isa = PBXNativeTarget;
			buildConfigurationList = 348114902C69D46A000C9860 /* Build configuration list for PBXNativeTarget "Project5UITests" */;
			buildPhases = (
				3481147C2C69D46A000C9860 /* Sources */,
				3481147D2C69D46A000C9860 /* Frameworks */,
				3481147E2C69D46A000C9860 /* Resources */,
			);
			buildRules = (
			);
			dependencies = (
				348114822C69D46A000C9860 /* PBXTargetDependency */,
			);
			name = Project5UITests;
			productName = Project5UITests;
			productReference = 348114802C69D46A000C9860 /* Project5UITests.xctest */;
			productType = "com.apple.product-type.bundle.ui-testing";
		};
/* End PBXNativeTarget section */

/* Begin PBXProject section */
		3481145E2C69D468000C9860 /* Project object */ = {
			isa = PBXProject;
			attributes = {
				BuildIndependentTargetsInParallel = 1;
				LastSwiftUpdateCheck = 1520;
				LastUpgradeCheck = 1520;
				TargetAttributes = {
					348114652C69D468000C9860 = {
						CreatedOnToolsVersion = 15.2;
					};
					348114752C69D46A000C9860 = {
						CreatedOnToolsVersion = 15.2;
						TestTargetID = 348114652C69D468000C9860;
					};
					3481147F2C69D46A000C9860 = {
						CreatedOnToolsVersion = 15.2;
						TestTargetID = 348114652C69D468000C9860;
					};
				};
			};
			buildConfigurationList = 348114612C69D468000C9860 /* Build configuration list for PBXProject "Project5" */;
			compatibilityVersion = "Xcode 14.0";
			developmentRegion = en;
			hasScannedForEncodings = 0;
			knownRegions = (
				en,
				Base,
			);
			mainGroup = 3481145D2C69D467000C9860;
			productRefGroup = 348114672C69D468000C9860 /* Products */;
			projectDirPath = "";
			projectRoot = "";
			targets = (
				348114652C69D468000C9860 /* Project5 */,
				348114752C69D46A000C9860 /* Project5Tests */,
				3481147F2C69D46A000C9860 /* Project5UITests */,
			);
		};
/* End PBXProject section */

/* Begin PBXResourcesBuildPhase section */
		348114642C69D468000C9860 /* Resources */ = {
			isa = PBXResourcesBuildPhase;
			buildActionMask = 2147483647;
			files = (
				348114712C69D469000C9860 /* Preview Assets.xcassets in Resources */,
				3481146E2C69D469000C9860 /* Assets.xcassets in Resources */,
			);
			runOnlyForDeploymentPostprocessing = 0;
		};
		348114742C69D46A000C9860 /* Resources */ = {
			isa = PBXResourcesBuildPhase;
			buildActionMask = 2147483647;
			files = (
			);
			runOnlyForDeploymentPostprocessing = 0;
		};
		3481147E2C69D46A000C9860 /* Resources */ = {
			isa = PBXResourcesBuildPhase;
			buildActionMask = 2147483647;
			files = (
			);
			runOnlyForDeploymentPostprocessing = 0;
		};
/* End PBXResourcesBuildPhase section */

/* Begin PBXSourcesBuildPhase section */
		348114622C69D468000C9860 /* Sources */ = {
			isa = PBXSourcesBuildPhase;
			buildActionMask = 2147483647;
			files = (
				348114952C6A0AE4000C9860 /* AppDelegate.swift in Sources */,
				3481146C2C69D468000C9860 /* ContentView.swift in Sources */,
				348114972C6A132B000C9860 /* ModificationsVC.swift in Sources */,
				3481146A2C69D468000C9860 /* Project5App.swift in Sources */,
				3452ADE82C7497B40013DD94 /* ThemePreferenceView.swift in Sources */,
			);
			runOnlyForDeploymentPostprocessing = 0;
		};
		348114722C69D46A000C9860 /* Sources */ = {
			isa = PBXSourcesBuildPhase;
			buildActionMask = 2147483647;
			files = (
				3481147B2C69D46A000C9860 /* Project5Tests.swift in Sources */,
			);
			runOnlyForDeploymentPostprocessing = 0;
		};
		3481147C2C69D46A000C9860 /* Sources */ = {
			isa = PBXSourcesBuildPhase;
			buildActionMask = 2147483647;
			files = (
				348114872C69D46A000C9860 /* Project5UITestsLaunchTests.swift in Sources */,
				348114852C69D46A000C9860 /* Project5UITests.swift in Sources */,
			);
			runOnlyForDeploymentPostprocessing = 0;
		};
/* End PBXSourcesBuildPhase section */

/* Begin PBXTargetDependency section */
		348114782C69D46A000C9860 /* PBXTargetDependency */ = {
			isa = PBXTargetDependency;
			target = 348114652C69D468000C9860 /* Project5 */;
			targetProxy = 348114772C69D46A000C9860 /* PBXContainerItemProxy */;
		};
		348114822C69D46A000C9860 /* PBXTargetDependency */ = {
			isa = PBXTargetDependency;
			target = 348114652C69D468000C9860 /* Project5 */;
			targetProxy = 348114812C69D46A000C9860 /* PBXContainerItemProxy */;
		};
/* End PBXTargetDependency section */

/* Begin XCBuildConfiguration section */
		348114882C69D46A000C9860 /* Debug */ = {
			isa = XCBuildConfiguration;
			buildSettings = {
				ALWAYS_SEARCH_USER_PATHS = NO;
				ASSETCATALOG_COMPILER_GENERATE_SWIFT_ASSET_SYMBOL_EXTENSIONS = YES;
				CLANG_ANALYZER_NONNULL = YES;
				CLANG_ANALYZER_NUMBER_OBJECT_CONVERSION = YES_AGGRESSIVE;
				CLANG_CXX_LANGUAGE_STANDARD = "gnu++20";
				CLANG_ENABLE_MODULES = YES;
				CLANG_ENABLE_OBJC_ARC = YES;
				CLANG_ENABLE_OBJC_WEAK = YES;
				CLANG_WARN_BLOCK_CAPTURE_AUTORELEASING = YES;
				CLANG_WARN_BOOL_CONVERSION = YES;
				CLANG_WARN_COMMA = YES;
				CLANG_WARN_CONSTANT_CONVERSION = YES;
				CLANG_WARN_DEPRECATED_OBJC_IMPLEMENTATIONS = YES;
				CLANG_WARN_DIRECT_OBJC_ISA_USAGE = YES_ERROR;
				CLANG_WARN_DOCUMENTATION_COMMENTS = YES;
				CLANG_WARN_EMPTY_BODY = YES;
				CLANG_WARN_ENUM_CONVERSION = YES;
				CLANG_WARN_INFINITE_RECURSION = YES;
				CLANG_WARN_INT_CONVERSION = YES;
				CLANG_WARN_NON_LITERAL_NULL_CONVERSION = YES;
				CLANG_WARN_OBJC_IMPLICIT_RETAIN_SELF = YES;
				CLANG_WARN_OBJC_LITERAL_CONVERSION = YES;
				CLANG_WARN_OBJC_ROOT_CLASS = YES_ERROR;
				CLANG_WARN_QUOTED_INCLUDE_IN_FRAMEWORK_HEADER = YES;
				CLANG_WARN_RANGE_LOOP_ANALYSIS = YES;
				CLANG_WARN_STRICT_PROTOTYPES = YES;
				CLANG_WARN_SUSPICIOUS_MOVE = YES;
				CLANG_WARN_UNGUARDED_AVAILABILITY = YES_AGGRESSIVE;
				CLANG_WARN_UNREACHABLE_CODE = YES;
				CLANG_WARN__DUPLICATE_METHOD_MATCH = YES;
				COPY_PHASE_STRIP = NO;
				DEBUG_INFORMATION_FORMAT = dwarf;
				ENABLE_STRICT_OBJC_MSGSEND = YES;
				ENABLE_TESTABILITY = YES;
				ENABLE_USER_SCRIPT_SANDBOXING = YES;
				GCC_C_LANGUAGE_STANDARD = gnu17;
				GCC_DYNAMIC_NO_PIC = NO;
				GCC_NO_COMMON_BLOCKS = YES;
				GCC_OPTIMIZATION_LEVEL = 0;
				GCC_PREPROCESSOR_DEFINITIONS = (
					"DEBUG=1",
					"$(inherited)",
				);
				GCC_WARN_64_TO_32_BIT_CONVERSION = YES;
				GCC_WARN_ABOUT_RETURN_TYPE = YES_ERROR;
				GCC_WARN_UNDECLARED_SELECTOR = YES;
				GCC_WARN_UNINITIALIZED_AUTOS = YES_AGGRESSIVE;
				GCC_WARN_UNUSED_FUNCTION = YES;
				GCC_WARN_UNUSED_VARIABLE = YES;
				IPHONEOS_DEPLOYMENT_TARGET = 17.2;
				LOCALIZATION_PREFERS_STRING_CATALOGS = YES;
				MTL_ENABLE_DEBUG_INFO = INCLUDE_SOURCE;
				MTL_FAST_MATH = YES;
				ONLY_ACTIVE_ARCH = YES;
				SDKROOT = iphoneos;
				SWIFT_ACTIVE_COMPILATION_CONDITIONS = "DEBUG $(inherited)";
				SWIFT_OPTIMIZATION_LEVEL = "-Onone";
			};
			name = Debug;
		};
		348114892C69D46A000C9860 /* Release */ = {
			isa = XCBuildConfiguration;
			buildSettings = {
				ALWAYS_SEARCH_USER_PATHS = NO;
				ASSETCATALOG_COMPILER_GENERATE_SWIFT_ASSET_SYMBOL_EXTENSIONS = YES;
				CLANG_ANALYZER_NONNULL = YES;
				CLANG_ANALYZER_NUMBER_OBJECT_CONVERSION = YES_AGGRESSIVE;
				CLANG_CXX_LANGUAGE_STANDARD = "gnu++20";
				CLANG_ENABLE_MODULES = YES;
				CLANG_ENABLE_OBJC_ARC = YES;
				CLANG_ENABLE_OBJC_WEAK = YES;
				CLANG_WARN_BLOCK_CAPTURE_AUTORELEASING = YES;
				CLANG_WARN_BOOL_CONVERSION = YES;
				CLANG_WARN_COMMA = YES;
				CLANG_WARN_CONSTANT_CONVERSION = YES;
				CLANG_WARN_DEPRECATED_OBJC_IMPLEMENTATIONS = YES;
				CLANG_WARN_DIRECT_OBJC_ISA_USAGE = YES_ERROR;
				CLANG_WARN_DOCUMENTATION_COMMENTS = YES;
				CLANG_WARN_EMPTY_BODY = YES;
				CLANG_WARN_ENUM_CONVERSION = YES;
				CLANG_WARN_INFINITE_RECURSION = YES;
				CLANG_WARN_INT_CONVERSION = YES;
				CLANG_WARN_NON_LITERAL_NULL_CONVERSION = YES;
				CLANG_WARN_OBJC_IMPLICIT_RETAIN_SELF = YES;
				CLANG_WARN_OBJC_LITERAL_CONVERSION = YES;
				CLANG_WARN_OBJC_ROOT_CLASS = YES_ERROR;
				CLANG_WARN_QUOTED_INCLUDE_IN_FRAMEWORK_HEADER = YES;
				CLANG_WARN_RANGE_LOOP_ANALYSIS = YES;
				CLANG_WARN_STRICT_PROTOTYPES = YES;
				CLANG_WARN_SUSPICIOUS_MOVE = YES;
				CLANG_WARN_UNGUARDED_AVAILABILITY = YES_AGGRESSIVE;
				CLANG_WARN_UNREACHABLE_CODE = YES;
				CLANG_WARN__DUPLICATE_METHOD_MATCH = YES;
				COPY_PHASE_STRIP = NO;
				DEBUG_INFORMATION_FORMAT = "dwarf-with-dsym";
				ENABLE_NS_ASSERTIONS = NO;
				ENABLE_STRICT_OBJC_MSGSEND = YES;
				ENABLE_USER_SCRIPT_SANDBOXING = YES;
				GCC_C_LANGUAGE_STANDARD = gnu17;
				GCC_NO_COMMON_BLOCKS = YES;
				GCC_WARN_64_TO_32_BIT_CONVERSION = YES;
				GCC_WARN_ABOUT_RETURN_TYPE = YES_ERROR;
				GCC_WARN_UNDECLARED_SELECTOR = YES;
				GCC_WARN_UNINITIALIZED_AUTOS = YES_AGGRESSIVE;
				GCC_WARN_UNUSED_FUNCTION = YES;
				GCC_WARN_UNUSED_VARIABLE = YES;
				IPHONEOS_DEPLOYMENT_TARGET = 17.2;
				LOCALIZATION_PREFERS_STRING_CATALOGS = YES;
				MTL_ENABLE_DEBUG_INFO = NO;
				MTL_FAST_MATH = YES;
				SDKROOT = iphoneos;
				SWIFT_COMPILATION_MODE = wholemodule;
				VALIDATE_PRODUCT = YES;
			};
			name = Release;
		};
		3481148B2C69D46A000C9860 /* Debug */ = {
			isa = XCBuildConfiguration;
			buildSettings = {
				ASSETCATALOG_COMPILER_ALTERNATE_APPICON_NAMES = "AppIcon_3 AppIcon_2 AppIcon_1 AppIcon";
				ASSETCATALOG_COMPILER_APPICON_NAME = AppIcon;
				ASSETCATALOG_COMPILER_GLOBAL_ACCENT_COLOR_NAME = AccentColor;
				ASSETCATALOG_COMPILER_INCLUDE_ALL_APPICON_ASSETS = YES;
				CODE_SIGN_STYLE = Automatic;
				CURRENT_PROJECT_VERSION = 1;
				DEVELOPMENT_ASSET_PATHS = "\"Project5/Preview Content\"";
				DEVELOPMENT_TEAM = W8N9JG97SK;
				ENABLE_PREVIEWS = YES;
				GENERATE_INFOPLIST_FILE = YES;
				INFOPLIST_FILE = Project5/Info.plist;
				INFOPLIST_KEY_UIApplicationSceneManifest_Generation = YES;
				INFOPLIST_KEY_UIApplicationSupportsIndirectInputEvents = YES;
				INFOPLIST_KEY_UILaunchScreen_Generation = YES;
				INFOPLIST_KEY_UISupportedInterfaceOrientations_iPad = "UIInterfaceOrientationPortrait UIInterfaceOrientationPortraitUpsideDown UIInterfaceOrientationLandscapeLeft UIInterfaceOrientationLandscapeRight";
				INFOPLIST_KEY_UISupportedInterfaceOrientations_iPhone = "UIInterfaceOrientationPortrait UIInterfaceOrientationLandscapeLeft UIInterfaceOrientationLandscapeRight";
				LD_RUNPATH_SEARCH_PATHS = (
					"$(inherited)",
					"@executable_path/Frameworks",
				);
				MARKETING_VERSION = 1.0;
				PRODUCT_BUNDLE_IDENTIFIER = com.alekhya.Project5;
				PRODUCT_NAME = "$(TARGET_NAME)";
				SWIFT_EMIT_LOC_STRINGS = YES;
				SWIFT_VERSION = 5.0;
				TARGETED_DEVICE_FAMILY = "1,2";
			};
			name = Debug;
		};
		3481148C2C69D46A000C9860 /* Release */ = {
			isa = XCBuildConfiguration;
			buildSettings = {
				ASSETCATALOG_COMPILER_ALTERNATE_APPICON_NAMES = "AppIcon_3 AppIcon_2 AppIcon_1 AppIcon";
				ASSETCATALOG_COMPILER_APPICON_NAME = AppIcon;
				ASSETCATALOG_COMPILER_GLOBAL_ACCENT_COLOR_NAME = AccentColor;
				ASSETCATALOG_COMPILER_INCLUDE_ALL_APPICON_ASSETS = YES;
				CODE_SIGN_STYLE = Automatic;
				CURRENT_PROJECT_VERSION = 1;
				DEVELOPMENT_ASSET_PATHS = "\"Project5/Preview Content\"";
				DEVELOPMENT_TEAM = W8N9JG97SK;
				ENABLE_PREVIEWS = YES;
				GENERATE_INFOPLIST_FILE = YES;
				INFOPLIST_FILE = Project5/Info.plist;
				INFOPLIST_KEY_UIApplicationSceneManifest_Generation = YES;
				INFOPLIST_KEY_UIApplicationSupportsIndirectInputEvents = YES;
				INFOPLIST_KEY_UILaunchScreen_Generation = YES;
				INFOPLIST_KEY_UISupportedInterfaceOrientations_iPad = "UIInterfaceOrientationPortrait UIInterfaceOrientationPortraitUpsideDown UIInterfaceOrientationLandscapeLeft UIInterfaceOrientationLandscapeRight";
				INFOPLIST_KEY_UISupportedInterfaceOrientations_iPhone = "UIInterfaceOrientationPortrait UIInterfaceOrientationLandscapeLeft UIInterfaceOrientationLandscapeRight";
				LD_RUNPATH_SEARCH_PATHS = (
					"$(inherited)",
					"@executable_path/Frameworks",
				);
				MARKETING_VERSION = 1.0;
				PRODUCT_BUNDLE_IDENTIFIER = com.alekhya.Project5;
				PRODUCT_NAME = "$(TARGET_NAME)";
				SWIFT_EMIT_LOC_STRINGS = YES;
				SWIFT_VERSION = 5.0;
				TARGETED_DEVICE_FAMILY = "1,2";
			};
			name = Release;
		};
		3481148E2C69D46A000C9860 /* Debug */ = {
			isa = XCBuildConfiguration;
			buildSettings = {
				ALWAYS_EMBED_SWIFT_STANDARD_LIBRARIES = YES;
				BUNDLE_LOADER = "$(TEST_HOST)";
				CODE_SIGN_STYLE = Automatic;
				CURRENT_PROJECT_VERSION = 1;
				DEVELOPMENT_TEAM = W8N9JG97SK;
				GENERATE_INFOPLIST_FILE = YES;
				IPHONEOS_DEPLOYMENT_TARGET = 17.2;
				MARKETING_VERSION = 1.0;
				PRODUCT_BUNDLE_IDENTIFIER = com.alekhya.Project5Tests;
				PRODUCT_NAME = "$(TARGET_NAME)";
				SWIFT_EMIT_LOC_STRINGS = NO;
				SWIFT_VERSION = 5.0;
				TARGETED_DEVICE_FAMILY = "1,2";
				TEST_HOST = "$(BUILT_PRODUCTS_DIR)/Project5.app/$(BUNDLE_EXECUTABLE_FOLDER_PATH)/Project5";
			};
			name = Debug;
		};
		3481148F2C69D46A000C9860 /* Release */ = {
			isa = XCBuildConfiguration;
			buildSettings = {
				ALWAYS_EMBED_SWIFT_STANDARD_LIBRARIES = YES;
				BUNDLE_LOADER = "$(TEST_HOST)";
				CODE_SIGN_STYLE = Automatic;
				CURRENT_PROJECT_VERSION = 1;
				DEVELOPMENT_TEAM = W8N9JG97SK;
				GENERATE_INFOPLIST_FILE = YES;
				IPHONEOS_DEPLOYMENT_TARGET = 17.2;
				MARKETING_VERSION = 1.0;
				PRODUCT_BUNDLE_IDENTIFIER = com.alekhya.Project5Tests;
				PRODUCT_NAME = "$(TARGET_NAME)";
				SWIFT_EMIT_LOC_STRINGS = NO;
				SWIFT_VERSION = 5.0;
				TARGETED_DEVICE_FAMILY = "1,2";
				TEST_HOST = "$(BUILT_PRODUCTS_DIR)/Project5.app/$(BUNDLE_EXECUTABLE_FOLDER_PATH)/Project5";
			};
			name = Release;
		};
		348114912C69D46A000C9860 /* Debug */ = {
			isa = XCBuildConfiguration;
			buildSettings = {
				ALWAYS_EMBED_SWIFT_STANDARD_LIBRARIES = YES;
				CODE_SIGN_STYLE = Automatic;
				CURRENT_PROJECT_VERSION = 1;
				DEVELOPMENT_TEAM = W8N9JG97SK;
				GENERATE_INFOPLIST_FILE = YES;
				MARKETING_VERSION = 1.0;
				PRODUCT_BUNDLE_IDENTIFIER = com.alekhya.Project5UITests;
				PRODUCT_NAME = "$(TARGET_NAME)";
				SWIFT_EMIT_LOC_STRINGS = NO;
				SWIFT_VERSION = 5.0;
				TARGETED_DEVICE_FAMILY = "1,2";
				TEST_TARGET_NAME = Project5;
			};
			name = Debug;
		};
		348114922C69D46A000C9860 /* Release */ = {
			isa = XCBuildConfiguration;
			buildSettings = {
				ALWAYS_EMBED_SWIFT_STANDARD_LIBRARIES = YES;
				CODE_SIGN_STYLE = Automatic;
				CURRENT_PROJECT_VERSION = 1;
				DEVELOPMENT_TEAM = W8N9JG97SK;
				GENERATE_INFOPLIST_FILE = YES;
				MARKETING_VERSION = 1.0;
				PRODUCT_BUNDLE_IDENTIFIER = com.alekhya.Project5UITests;
				PRODUCT_NAME = "$(TARGET_NAME)";
				SWIFT_EMIT_LOC_STRINGS = NO;
				SWIFT_VERSION = 5.0;
				TARGETED_DEVICE_FAMILY = "1,2";
				TEST_TARGET_NAME = Project5;
			};
			name = Release;
		};
/* End XCBuildConfiguration section */

/* Begin XCConfigurationList section */
		348114612C69D468000C9860 /* Build configuration list for PBXProject "Project5" */ = {
			isa = XCConfigurationList;
			buildConfigurations = (
				348114882C69D46A000C9860 /* Debug */,
				348114892C69D46A000C9860 /* Release */,
			);
			defaultConfigurationIsVisible = 0;
			defaultConfigurationName = Release;
		};
		3481148A2C69D46A000C9860 /* Build configuration list for PBXNativeTarget "Project5" */ = {
			isa = XCConfigurationList;
			buildConfigurations = (
				3481148B2C69D46A000C9860 /* Debug */,
				3481148C2C69D46A000C9860 /* Release */,
			);
			defaultConfigurationIsVisible = 0;
			defaultConfigurationName = Release;
		};
		3481148D2C69D46A000C9860 /* Build configuration list for PBXNativeTarget "Project5Tests" */ = {
			isa = XCConfigurationList;
			buildConfigurations = (
				3481148E2C69D46A000C9860 /* Debug */,
				3481148F2C69D46A000C9860 /* Release */,
			);
			defaultConfigurationIsVisible = 0;
			defaultConfigurationName = Release;
		};
		348114902C69D46A000C9860 /* Build configuration list for PBXNativeTarget "Project5UITests" */ = {
			isa = XCConfigurationList;
			buildConfigurations = (
				348114912C69D46A000C9860 /* Debug */,
				348114922C69D46A000C9860 /* Release */,
			);
			defaultConfigurationIsVisible = 0;
			defaultConfigurationName = Release;
		};
/* End XCConfigurationList section */
	};
	rootObject = 3481145E2C69D468000C9860 /* Project object */;
}
